
Microsoft Visual Studio Solution File, Format Version 12.00
# Visual Studio Version 17
VisualStudioVersion = 17.14.36518.9 d17.14
MinimumVisualStudioVersion = 10.0.40219.1
Project("{FAE04EC0-301F-11D3-BF4B-00C04F79EFBC}") = "Pizza_Programm", "Pizza-Programm\Pizza_Programm.csproj", "{C9BF90F9-F4D6-4978-AEA6-A3346997CAE2}"
EndProject
Global
	GlobalSection(SolutionConfigurationPlatforms) = preSolution
		Debug|Any CPU = Debug|Any CPU
		Release|Any CPU = Release|Any CPU
	EndGlobalSection
	GlobalSection(ProjectConfigurationPlatforms) = postSolution
		{C9BF90F9-F4D6-4978-AEA6-A3346997CAE2}.Debug|Any CPU.ActiveCfg = Debug|Any CPU
		{C9BF90F9-F4D6-4978-AEA6-A3346997CAE2}.Debug|Any CPU.Build.0 = Debug|Any CPU
		{C9BF90F9-F4D6-4978-AEA6-A3346997CAE2}.Release|Any CPU.ActiveCfg = Release|Any CPU
		{C9BF90F9-F4D6-4978-AEA6-A3346997CAE2}.Release|Any CPU.Build.0 = Release|Any CPU
	EndGlobalSection
	GlobalSection(SolutionProperties) = preSolution
		HideSolutionNode = FALSE
	EndGlobalSection
	GlobalSection(ExtensibilityGlobals) = postSolution
		SolutionGuid = {A1044EA7-EA1A-4F7E-9819-22B3BE6AB9BE}
	EndGlobalSection
EndGlobal
